
Microsoft Visual Studio Solution File, Format Version 12.00
# Visual Studio Version 17
VisualStudioVersion = 17.8.34525.116
MinimumVisualStudioVersion = 10.0.40219.1
Project("{FAE04EC0-301F-11D3-BF4B-00C04F79EFBC}") = "CesarCipher", "CesarCipher.csproj", "{D08A5C4B-22B6-428A-85C7-E436C91DF84A}"
EndProject
Global
	GlobalSection(SolutionConfigurationPlatforms) = preSolution
		Debug|Any CPU = Debug|Any CPU
		Release|Any CPU = Release|Any CPU
	EndGlobalSection
	GlobalSection(ProjectConfigurationPlatforms) = postSolution
		{D08A5C4B-22B6-428A-85C7-E436C91DF84A}.Debug|Any CPU.ActiveCfg = Debug|Any CPU
		{D08A5C4B-22B6-428A-85C7-E436C91DF84A}.Debug|Any CPU.Build.0 = Debug|Any CPU
		{D08A5C4B-22B6-428A-85C7-E436C91DF84A}.Release|Any CPU.ActiveCfg = Release|Any CPU
		{D08A5C4B-22B6-428A-85C7-E436C91DF84A}.Release|Any CPU.Build.0 = Release|Any CPU
	EndGlobalSection
	GlobalSection(SolutionProperties) = preSolution
		HideSolutionNode = FALSE
	EndGlobalSection
	GlobalSection(ExtensibilityGlobals) = postSolution
		SolutionGuid = {DE13E5B2-2548-48B1-A809-138EE7DA05BE}
	EndGlobalSection
EndGlobal
